
Microsoft Visual Studio Solution File, Format Version 12.00
# Visual Studio Version 16
VisualStudioVersion = 16.0.31112.23
MinimumVisualStudioVersion = 10.0.40219.1
Project("{FAE04EC0-301F-11D3-BF4B-00C04F79EFBC}") = "Homework-2", "Homework-2\Homework-2.csproj", "{586A8F15-4894-4391-99D8-92439F3A4DD4}"
EndProject
Global
	GlobalSection(SolutionConfigurationPlatforms) = preSolution
		Debug|Any CPU = Debug|Any CPU
		Release|Any CPU = Release|Any CPU
	EndGlobalSection
	GlobalSection(ProjectConfigurationPlatforms) = postSolution
		{586A8F15-4894-4391-99D8-92439F3A4DD4}.Debug|Any CPU.ActiveCfg = Debug|Any CPU
		{586A8F15-4894-4391-99D8-92439F3A4DD4}.Debug|Any CPU.Build.0 = Debug|Any CPU
		{586A8F15-4894-4391-99D8-92439F3A4DD4}.Release|Any CPU.ActiveCfg = Release|Any CPU
		{586A8F15-4894-4391-99D8-92439F3A4DD4}.Release|Any CPU.Build.0 = Release|Any CPU
	EndGlobalSection
	GlobalSection(SolutionProperties) = preSolution
		HideSolutionNode = FALSE
	EndGlobalSection
	GlobalSection(ExtensibilityGlobals) = postSolution
		SolutionGuid = {01068FD2-5DBF-4466-86E5-6417A1162916}
	EndGlobalSection
EndGlobal
