
Microsoft Visual Studio Solution File, Format Version 12.00
# Visual Studio Version 16
VisualStudioVersion = 16.0.31112.23
MinimumVisualStudioVersion = 10.0.40219.1
Project("{FAE04EC0-301F-11D3-BF4B-00C04F79EFBC}") = "Task-1", "Task-1\Task-1.csproj", "{8FF5CAC4-EA59-4DCE-9779-26FAB55D05B2}"
EndProject
Project("{FAE04EC0-301F-11D3-BF4B-00C04F79EFBC}") = "Task-2", "Task-2\Task-2.csproj", "{1BF8DFB1-1855-40B0-8D85-6ED80D6B3407}"
EndProject
Project("{FAE04EC0-301F-11D3-BF4B-00C04F79EFBC}") = "Task-3", "Task-3\Task-3.csproj", "{4954158E-6407-4422-82CC-40017EF97564}"
EndProject
Global
	GlobalSection(SolutionConfigurationPlatforms) = preSolution
		Debug|Any CPU = Debug|Any CPU
		Release|Any CPU = Release|Any CPU
	EndGlobalSection
	GlobalSection(ProjectConfigurationPlatforms) = postSolution
		{8FF5CAC4-EA59-4DCE-9779-26FAB55D05B2}.Debug|Any CPU.ActiveCfg = Debug|Any CPU
		{8FF5CAC4-EA59-4DCE-9779-26FAB55D05B2}.Debug|Any CPU.Build.0 = Debug|Any CPU
		{8FF5CAC4-EA59-4DCE-9779-26FAB55D05B2}.Release|Any CPU.ActiveCfg = Release|Any CPU
		{8FF5CAC4-EA59-4DCE-9779-26FAB55D05B2}.Release|Any CPU.Build.0 = Release|Any CPU
		{1BF8DFB1-1855-40B0-8D85-6ED80D6B3407}.Debug|Any CPU.ActiveCfg = Debug|Any CPU
		{1BF8DFB1-1855-40B0-8D85-6ED80D6B3407}.Debug|Any CPU.Build.0 = Debug|Any CPU
		{1BF8DFB1-1855-40B0-8D85-6ED80D6B3407}.Release|Any CPU.ActiveCfg = Release|Any CPU
		{1BF8DFB1-1855-40B0-8D85-6ED80D6B3407}.Release|Any CPU.Build.0 = Release|Any CPU
		{4954158E-6407-4422-82CC-40017EF97564}.Debug|Any CPU.ActiveCfg = Debug|Any CPU
		{4954158E-6407-4422-82CC-40017EF97564}.Debug|Any CPU.Build.0 = Debug|Any CPU
		{4954158E-6407-4422-82CC-40017EF97564}.Release|Any CPU.ActiveCfg = Release|Any CPU
		{4954158E-6407-4422-82CC-40017EF97564}.Release|Any CPU.Build.0 = Release|Any CPU
	EndGlobalSection
	GlobalSection(SolutionProperties) = preSolution
		HideSolutionNode = FALSE
	EndGlobalSection
	GlobalSection(ExtensibilityGlobals) = postSolution
		SolutionGuid = {FAA9F9B5-462F-4C31-8A04-5A46C1C87E36}
	EndGlobalSection
EndGlobal
