
Microsoft Visual Studio Solution File, Format Version 12.00
# Visual Studio Version 16
VisualStudioVersion = 16.0.31205.134
MinimumVisualStudioVersion = 10.0.40219.1
Project("{FAE04EC0-301F-11D3-BF4B-00C04F79EFBC}") = "Task-1", "Task-1\Task-1.csproj", "{776605A9-CA19-437B-AF0F-13FCD6E076A5}"
EndProject
Project("{FAE04EC0-301F-11D3-BF4B-00C04F79EFBC}") = "Task-2", "Task-2\Task-2.csproj", "{098D3221-5FDF-4729-BB74-1E4FBA691E15}"
EndProject
Global
	GlobalSection(SolutionConfigurationPlatforms) = preSolution
		Debug|Any CPU = Debug|Any CPU
		Release|Any CPU = Release|Any CPU
	EndGlobalSection
	GlobalSection(ProjectConfigurationPlatforms) = postSolution
		{776605A9-CA19-437B-AF0F-13FCD6E076A5}.Debug|Any CPU.ActiveCfg = Debug|Any CPU
		{776605A9-CA19-437B-AF0F-13FCD6E076A5}.Debug|Any CPU.Build.0 = Debug|Any CPU
		{776605A9-CA19-437B-AF0F-13FCD6E076A5}.Release|Any CPU.ActiveCfg = Release|Any CPU
		{776605A9-CA19-437B-AF0F-13FCD6E076A5}.Release|Any CPU.Build.0 = Release|Any CPU
		{098D3221-5FDF-4729-BB74-1E4FBA691E15}.Debug|Any CPU.ActiveCfg = Debug|Any CPU
		{098D3221-5FDF-4729-BB74-1E4FBA691E15}.Debug|Any CPU.Build.0 = Debug|Any CPU
		{098D3221-5FDF-4729-BB74-1E4FBA691E15}.Release|Any CPU.ActiveCfg = Release|Any CPU
		{098D3221-5FDF-4729-BB74-1E4FBA691E15}.Release|Any CPU.Build.0 = Release|Any CPU
	EndGlobalSection
	GlobalSection(SolutionProperties) = preSolution
		HideSolutionNode = FALSE
	EndGlobalSection
	GlobalSection(ExtensibilityGlobals) = postSolution
		SolutionGuid = {8AEBCAF4-C7CE-40BA-A332-C91821DDF31D}
	EndGlobalSection
EndGlobal
