
Microsoft Visual Studio Solution File, Format Version 12.00
# Visual Studio Version 16
VisualStudioVersion = 16.0.31112.23
MinimumVisualStudioVersion = 10.0.40219.1
Project("{FAE04EC0-301F-11D3-BF4B-00C04F79EFBC}") = "Task-1", "Task-1\Task-1.csproj", "{32DF806C-8D6B-4DA4-8C0F-986005898B65}"
EndProject
Project("{FAE04EC0-301F-11D3-BF4B-00C04F79EFBC}") = "Task-2", "Task-2\Task-2.csproj", "{DBB7832C-4AE3-4944-AB89-0BD3615F405B}"
EndProject
Project("{FAE04EC0-301F-11D3-BF4B-00C04F79EFBC}") = "Task-3", "Task-3\Task-3.csproj", "{7ADBDC77-68D8-4EE4-8BAA-557CB53BB33D}"
EndProject
Global
	GlobalSection(SolutionConfigurationPlatforms) = preSolution
		Debug|Any CPU = Debug|Any CPU
		Release|Any CPU = Release|Any CPU
	EndGlobalSection
	GlobalSection(ProjectConfigurationPlatforms) = postSolution
		{32DF806C-8D6B-4DA4-8C0F-986005898B65}.Debug|Any CPU.ActiveCfg = Debug|Any CPU
		{32DF806C-8D6B-4DA4-8C0F-986005898B65}.Debug|Any CPU.Build.0 = Debug|Any CPU
		{32DF806C-8D6B-4DA4-8C0F-986005898B65}.Release|Any CPU.ActiveCfg = Release|Any CPU
		{32DF806C-8D6B-4DA4-8C0F-986005898B65}.Release|Any CPU.Build.0 = Release|Any CPU
		{DBB7832C-4AE3-4944-AB89-0BD3615F405B}.Debug|Any CPU.ActiveCfg = Debug|Any CPU
		{DBB7832C-4AE3-4944-AB89-0BD3615F405B}.Debug|Any CPU.Build.0 = Debug|Any CPU
		{DBB7832C-4AE3-4944-AB89-0BD3615F405B}.Release|Any CPU.ActiveCfg = Release|Any CPU
		{DBB7832C-4AE3-4944-AB89-0BD3615F405B}.Release|Any CPU.Build.0 = Release|Any CPU
		{7ADBDC77-68D8-4EE4-8BAA-557CB53BB33D}.Debug|Any CPU.ActiveCfg = Debug|Any CPU
		{7ADBDC77-68D8-4EE4-8BAA-557CB53BB33D}.Debug|Any CPU.Build.0 = Debug|Any CPU
		{7ADBDC77-68D8-4EE4-8BAA-557CB53BB33D}.Release|Any CPU.ActiveCfg = Release|Any CPU
		{7ADBDC77-68D8-4EE4-8BAA-557CB53BB33D}.Release|Any CPU.Build.0 = Release|Any CPU
	EndGlobalSection
	GlobalSection(SolutionProperties) = preSolution
		HideSolutionNode = FALSE
	EndGlobalSection
	GlobalSection(ExtensibilityGlobals) = postSolution
		SolutionGuid = {A919F859-5786-4BB1-A8EB-563C9E8F944A}
	EndGlobalSection
EndGlobal
